{
  "name": "ksenia-portfolio",
  "version": "1.0.0",
  "lockfileVersion": 3,
  "requires": true,
  "packages": {
    "": {
      "name": "ksenia-portfolio",
      "version": "1.0.0",
      "devDependencies": {
        "concat": "^1.0.3",
        "tailwindcss": "^4.1.18"
      }
    },
    "node_modules/commander": {
      "version": "2.20.3",
      "resolved": "https://registry.npmjs.org/commander/-/commander-2.20.3.tgz",
      "integrity": "sha512-GpVkmM8vF2vQUkj2LvZmD35JxeJOLCwJ9cUkugyk2nuhbv3+mJvpLYYt+0+USMxE+oj+ey/lJEnhZw75x/OMcQ==",
      "dev": true,
      "license": "MIT"
    },
    "node_modules/concat": {
      "version": "1.0.3",
      "resolved": "https://registry.npmjs.org/concat/-/concat-1.0.3.tgz",
      "integrity": "sha512-f/ZaH1aLe64qHgTILdldbvyfGiGF4uzeo9IuXUloIOLQzFmIPloy9QbZadNsuVv0j5qbKQvQb/H/UYf2UsKTpw==",
      "dev": true,
      "license": "MIT",
      "dependencies": {
        "commander": "^2.9.0"
      },
      "bin": {
        "concat": "bin/concat"
      },
      "engines": {
        "node": ">=6"
      }
    },
    "node_modules/tailwindcss": {
      "version": "4.1.18",
      "resolved": "https://registry.npmjs.org/tailwindcss/-/tailwindcss-4.1.18.tgz",
      "integrity": "sha512-4+Z+0yiYyEtUVCScyfHCxOYP06L5Ne+JiHhY2IjR2KWMIWhJOYZKLSGZaP5HkZ8+bY0cxfzwDE5uOmzFXyIwxw==",
      "dev": true,
      "license": "MIT"
    }
  }
}
